
Microsoft Visual Studio Solution File, Format Version 12.00
# Visual Studio Version 17
VisualStudioVersion = 17.3.32929.385
MinimumVisualStudioVersion = 10.0.40219.1
Project("{9A19103F-16F7-4668-BE54-9A1E7A4F7556}") = "Communication", "Communication\Communication.csproj", "{466776F9-481B-4679-B433-C7DF18E9AD96}"
EndProject
Project("{9A19103F-16F7-4668-BE54-9A1E7A4F7556}") = "TopPortLib", "TopPortLib\TopPortLib.csproj", "{7BCB5B2D-480D-4813-841E-7A285F210BFF}"
EndProject
Project("{9A19103F-16F7-4668-BE54-9A1E7A4F7556}") = "Parser", "Parser\Parser.csproj", "{677B189A-68AA-45D8-BF57-CF36A7C140A9}"
EndProject
Project("{9A19103F-16F7-4668-BE54-9A1E7A4F7556}") = "Crow", "Crow\Crow.csproj", "{D6524266-441F-4E01-A95C-1EF3A585892F}"
EndProject
Project("{9A19103F-16F7-4668-BE54-9A1E7A4F7556}") = "TopPortLibIntTest", "TestDemo\TopPortLibIntTest\TopPortLibIntTest.csproj", "{B1B28601-6B92-4539-86A2-0CA5BB26CDD1}"
EndProject
Project("{9A19103F-16F7-4668-BE54-9A1E7A4F7556}") = "MockTcpClient", "TestDemo\MockTcpClient\MockTcpClient.csproj", "{2C817CDE-A7B2-416E-B3A7-B41E3AB0AA08}"
EndProject
Project("{9A19103F-16F7-4668-BE54-9A1E7A4F7556}") = "Test", "TestDemo\Test\Test.csproj", "{734FDD67-D74C-4BD8-8478-010B55B33607}"
EndProject
Project("{9A19103F-16F7-4668-BE54-9A1E7A4F7556}") = "TestNamedPipeClient", "TestDemo\TestNamedPipeClient\TestNamedPipeClient.csproj", "{761D5220-BA4F-4666-9BF1-3939BB3AA751}"
EndProject
Project("{9A19103F-16F7-4668-BE54-9A1E7A4F7556}") = "TestNamedPipeServer", "TestDemo\TestNamedPipeServer\TestNamedPipeServer.csproj", "{99EBFFBA-3F14-47B4-A019-BD6427D17839}"
EndProject
Project("{2150E333-8FDC-42A3-9474-1A3956D46DE8}") = "TestDemoProject", "TestDemoProject", "{520BBC60-891F-49D7-B4E1-E462498DF89C}"
EndProject
Project("{9A19103F-16F7-4668-BE54-9A1E7A4F7556}") = "PigeonPortProtocolDemo", "TestDemo\PigeonPortProtocolDemo\PigeonPortProtocolDemo.csproj", "{7661E7FE-C3E1-44B1-AC98-B1602E914DD0}"
EndProject
Project("{9A19103F-16F7-4668-BE54-9A1E7A4F7556}") = "PigeonPortDemo", "TestDemo\PigeonPortDemo\PigeonPortDemo.csproj", "{1C481803-758F-4C7B-BDA3-80BC9E280CF1}"
EndProject
Project("{9A19103F-16F7-4668-BE54-9A1E7A4F7556}") = "TcpServer", "TestDemo\TcpServer\TcpServer.csproj", "{000DF2BA-FE1A-4712-8379-408E93601270}"
EndProject
Project("{2150E333-8FDC-42A3-9474-1A3956D46DE8}") = "PigeonPort", "PigeonPort", "{BDD01652-BE02-4D26-95C0-5C691C310940}"
EndProject
Project("{2150E333-8FDC-42A3-9474-1A3956D46DE8}") = "CondorPort", "CondorPort", "{7C7A840F-F822-48F1-BBDE-09F538DF17FF}"
EndProject
Project("{9A19103F-16F7-4668-BE54-9A1E7A4F7556}") = "CondorPortProtocolDemo", "TestDemo\CondorPortProtocolDemo\CondorPortProtocolDemo.csproj", "{EFFCA7DB-259E-434F-A3A6-4186CEF2AE75}"
EndProject
Project("{9A19103F-16F7-4668-BE54-9A1E7A4F7556}") = "CondorPortDemo", "TestDemo\CondorPortDemo\CondorPortDemo.csproj", "{D9C7624C-469C-4FAA-8D59-931C8FD43D59}"
EndProject
Project("{9A19103F-16F7-4668-BE54-9A1E7A4F7556}") = "TcpClient", "TestDemo\TcpClient\TcpClient.csproj", "{D4D9EEBF-58FB-46B1-BEA4-167E1213D9EF}"
EndProject
Project("{FAE04EC0-301F-11D3-BF4B-00C04F79EFBC}") = "ParserTest", "TestDemo\ParserTest\ParserTest.csproj", "{A6C76C57-529E-4391-BA99-AA26B3430736}"
EndProject
Project("{FAE04EC0-301F-11D3-BF4B-00C04F79EFBC}") = "TestUdp", "TestDemo\TestUdp\TestUdp.csproj", "{8CD7DAFE-52F6-4474-9A23-EBEE48C54709}"
EndProject
Project("{FAE04EC0-301F-11D3-BF4B-00C04F79EFBC}") = "TestUdp1", "TestDemo\TestUdp1\TestUdp1.csproj", "{2A86E928-65B9-4EDF-9162-9D430308B32C}"
EndProject
Project("{2150E333-8FDC-42A3-9474-1A3956D46DE8}") = "Udp", "Udp", "{DBD8038A-E877-4211-B1D8-3C9D32C04EF9}"
EndProject
Project("{FAE04EC0-301F-11D3-BF4B-00C04F79EFBC}") = "Communication.Bluetooth", "Communication.Bluetooth\Communication.Bluetooth.csproj", "{38086A2D-D596-4E14-9950-E0D601FF7A9A}"
EndProject
Project("{2150E333-8FDC-42A3-9474-1A3956D46DE8}") = "Bluetooth", "Bluetooth", "{D898E2D5-07D2-4196-853B-65D58A33BC55}"
EndProject
Project("{FAE04EC0-301F-11D3-BF4B-00C04F79EFBC}") = "TestServer", "TestDemo\Bluetooth\TestServer\TestServer.csproj", "{7D7986FD-4756-49BA-AFFF-480AF5194CAA}"
EndProject
Project("{FAE04EC0-301F-11D3-BF4B-00C04F79EFBC}") = "TestClient", "TestDemo\Bluetooth\TestClient\TestClient.csproj", "{F8CD9CD9-DB0D-42B0-8F02-D7CA2E90204D}"
EndProject
Project("{2150E333-8FDC-42A3-9474-1A3956D46DE8}") = "TCP测速", "TCP测速", "{36B514C9-DEA5-443E-95F0-BB8C2DFF6BCA}"
EndProject
Project("{FAE04EC0-301F-11D3-BF4B-00C04F79EFBC}") = "Client", "TestDemo\Client\Client.csproj", "{3A0E3C51-77EC-4935-8B49-7842216CAA5A}"
EndProject
Project("{FAE04EC0-301F-11D3-BF4B-00C04F79EFBC}") = "Server", "TestDemo\Server\Server.csproj", "{FBE42447-B0D2-499F-8451-790DEDC7ED28}"
EndProject
Project("{FAE04EC0-301F-11D3-BF4B-00C04F79EFBC}") = "SerialPortTest", "SerialPortTest\SerialPortTest.csproj", "{904DDB59-01A0-41A7-8311-D449764BA9EC}"
EndProject
Global
	GlobalSection(SolutionConfigurationPlatforms) = preSolution
		Debug|Any CPU = Debug|Any CPU
		Release|Any CPU = Release|Any CPU
	EndGlobalSection
	GlobalSection(ProjectConfigurationPlatforms) = postSolution
		{466776F9-481B-4679-B433-C7DF18E9AD96}.Debug|Any CPU.ActiveCfg = Debug|Any CPU
		{466776F9-481B-4679-B433-C7DF18E9AD96}.Debug|Any CPU.Build.0 = Debug|Any CPU
		{466776F9-481B-4679-B433-C7DF18E9AD96}.Release|Any CPU.ActiveCfg = Release|Any CPU
		{466776F9-481B-4679-B433-C7DF18E9AD96}.Release|Any CPU.Build.0 = Release|Any CPU
		{7BCB5B2D-480D-4813-841E-7A285F210BFF}.Debug|Any CPU.ActiveCfg = Debug|Any CPU
		{7BCB5B2D-480D-4813-841E-7A285F210BFF}.Debug|Any CPU.Build.0 = Debug|Any CPU
		{7BCB5B2D-480D-4813-841E-7A285F210BFF}.Release|Any CPU.ActiveCfg = Release|Any CPU
		{7BCB5B2D-480D-4813-841E-7A285F210BFF}.Release|Any CPU.Build.0 = Release|Any CPU
		{677B189A-68AA-45D8-BF57-CF36A7C140A9}.Debug|Any CPU.ActiveCfg = Debug|Any CPU
		{677B189A-68AA-45D8-BF57-CF36A7C140A9}.Debug|Any CPU.Build.0 = Debug|Any CPU
		{677B189A-68AA-45D8-BF57-CF36A7C140A9}.Release|Any CPU.ActiveCfg = Release|Any CPU
		{677B189A-68AA-45D8-BF57-CF36A7C140A9}.Release|Any CPU.Build.0 = Release|Any CPU
		{D6524266-441F-4E01-A95C-1EF3A585892F}.Debug|Any CPU.ActiveCfg = Debug|Any CPU
		{D6524266-441F-4E01-A95C-1EF3A585892F}.Debug|Any CPU.Build.0 = Debug|Any CPU
		{D6524266-441F-4E01-A95C-1EF3A585892F}.Release|Any CPU.ActiveCfg = Release|Any CPU
		{D6524266-441F-4E01-A95C-1EF3A585892F}.Release|Any CPU.Build.0 = Release|Any CPU
		{B1B28601-6B92-4539-86A2-0CA5BB26CDD1}.Debug|Any CPU.ActiveCfg = Debug|Any CPU
		{B1B28601-6B92-4539-86A2-0CA5BB26CDD1}.Debug|Any CPU.Build.0 = Debug|Any CPU
		{B1B28601-6B92-4539-86A2-0CA5BB26CDD1}.Release|Any CPU.ActiveCfg = Release|Any CPU
		{B1B28601-6B92-4539-86A2-0CA5BB26CDD1}.Release|Any CPU.Build.0 = Release|Any CPU
		{2C817CDE-A7B2-416E-B3A7-B41E3AB0AA08}.Debug|Any CPU.ActiveCfg = Debug|Any CPU
		{2C817CDE-A7B2-416E-B3A7-B41E3AB0AA08}.Debug|Any CPU.Build.0 = Debug|Any CPU
		{2C817CDE-A7B2-416E-B3A7-B41E3AB0AA08}.Release|Any CPU.ActiveCfg = Release|Any CPU
		{2C817CDE-A7B2-416E-B3A7-B41E3AB0AA08}.Release|Any CPU.Build.0 = Release|Any CPU
		{734FDD67-D74C-4BD8-8478-010B55B33607}.Debug|Any CPU.ActiveCfg = Debug|Any CPU
		{734FDD67-D74C-4BD8-8478-010B55B33607}.Debug|Any CPU.Build.0 = Debug|Any CPU
		{734FDD67-D74C-4BD8-8478-010B55B33607}.Release|Any CPU.ActiveCfg = Release|Any CPU
		{734FDD67-D74C-4BD8-8478-010B55B33607}.Release|Any CPU.Build.0 = Release|Any CPU
		{761D5220-BA4F-4666-9BF1-3939BB3AA751}.Debug|Any CPU.ActiveCfg = Debug|Any CPU
		{761D5220-BA4F-4666-9BF1-3939BB3AA751}.Debug|Any CPU.Build.0 = Debug|Any CPU
		{761D5220-BA4F-4666-9BF1-3939BB3AA751}.Release|Any CPU.ActiveCfg = Release|Any CPU
		{761D5220-BA4F-4666-9BF1-3939BB3AA751}.Release|Any CPU.Build.0 = Release|Any CPU
		{99EBFFBA-3F14-47B4-A019-BD6427D17839}.Debug|Any CPU.ActiveCfg = Debug|Any CPU
		{99EBFFBA-3F14-47B4-A019-BD6427D17839}.Debug|Any CPU.Build.0 = Debug|Any CPU
		{99EBFFBA-3F14-47B4-A019-BD6427D17839}.Release|Any CPU.ActiveCfg = Release|Any CPU
		{99EBFFBA-3F14-47B4-A019-BD6427D17839}.Release|Any CPU.Build.0 = Release|Any CPU
		{7661E7FE-C3E1-44B1-AC98-B1602E914DD0}.Debug|Any CPU.ActiveCfg = Debug|Any CPU
		{7661E7FE-C3E1-44B1-AC98-B1602E914DD0}.Debug|Any CPU.Build.0 = Debug|Any CPU
		{7661E7FE-C3E1-44B1-AC98-B1602E914DD0}.Release|Any CPU.ActiveCfg = Release|Any CPU
		{7661E7FE-C3E1-44B1-AC98-B1602E914DD0}.Release|Any CPU.Build.0 = Release|Any CPU
		{1C481803-758F-4C7B-BDA3-80BC9E280CF1}.Debug|Any CPU.ActiveCfg = Debug|Any CPU
		{1C481803-758F-4C7B-BDA3-80BC9E280CF1}.Debug|Any CPU.Build.0 = Debug|Any CPU
		{1C481803-758F-4C7B-BDA3-80BC9E280CF1}.Release|Any CPU.ActiveCfg = Release|Any CPU
		{1C481803-758F-4C7B-BDA3-80BC9E280CF1}.Release|Any CPU.Build.0 = Release|Any CPU
		{000DF2BA-FE1A-4712-8379-408E93601270}.Debug|Any CPU.ActiveCfg = Debug|Any CPU
		{000DF2BA-FE1A-4712-8379-408E93601270}.Debug|Any CPU.Build.0 = Debug|Any CPU
		{000DF2BA-FE1A-4712-8379-408E93601270}.Release|Any CPU.ActiveCfg = Release|Any CPU
		{000DF2BA-FE1A-4712-8379-408E93601270}.Release|Any CPU.Build.0 = Release|Any CPU
		{EFFCA7DB-259E-434F-A3A6-4186CEF2AE75}.Debug|Any CPU.ActiveCfg = Debug|Any CPU
		{EFFCA7DB-259E-434F-A3A6-4186CEF2AE75}.Debug|Any CPU.Build.0 = Debug|Any CPU
		{EFFCA7DB-259E-434F-A3A6-4186CEF2AE75}.Release|Any CPU.ActiveCfg = Release|Any CPU
		{EFFCA7DB-259E-434F-A3A6-4186CEF2AE75}.Release|Any CPU.Build.0 = Release|Any CPU
		{D9C7624C-469C-4FAA-8D59-931C8FD43D59}.Debug|Any CPU.ActiveCfg = Debug|Any CPU
		{D9C7624C-469C-4FAA-8D59-931C8FD43D59}.Debug|Any CPU.Build.0 = Debug|Any CPU
		{D9C7624C-469C-4FAA-8D59-931C8FD43D59}.Release|Any CPU.ActiveCfg = Release|Any CPU
		{D9C7624C-469C-4FAA-8D59-931C8FD43D59}.Release|Any CPU.Build.0 = Release|Any CPU
		{D4D9EEBF-58FB-46B1-BEA4-167E1213D9EF}.Debug|Any CPU.ActiveCfg = Debug|Any CPU
		{D4D9EEBF-58FB-46B1-BEA4-167E1213D9EF}.Debug|Any CPU.Build.0 = Debug|Any CPU
		{D4D9EEBF-58FB-46B1-BEA4-167E1213D9EF}.Release|Any CPU.ActiveCfg = Release|Any CPU
		{D4D9EEBF-58FB-46B1-BEA4-167E1213D9EF}.Release|Any CPU.Build.0 = Release|Any CPU
		{A6C76C57-529E-4391-BA99-AA26B3430736}.Debug|Any CPU.ActiveCfg = Debug|Any CPU
		{A6C76C57-529E-4391-BA99-AA26B3430736}.Debug|Any CPU.Build.0 = Debug|Any CPU
		{A6C76C57-529E-4391-BA99-AA26B3430736}.Release|Any CPU.ActiveCfg = Release|Any CPU
		{A6C76C57-529E-4391-BA99-AA26B3430736}.Release|Any CPU.Build.0 = Release|Any CPU
		{8CD7DAFE-52F6-4474-9A23-EBEE48C54709}.Debug|Any CPU.ActiveCfg = Debug|Any CPU
		{8CD7DAFE-52F6-4474-9A23-EBEE48C54709}.Debug|Any CPU.Build.0 = Debug|Any CPU
		{8CD7DAFE-52F6-4474-9A23-EBEE48C54709}.Release|Any CPU.ActiveCfg = Release|Any CPU
		{8CD7DAFE-52F6-4474-9A23-EBEE48C54709}.Release|Any CPU.Build.0 = Release|Any CPU
		{2A86E928-65B9-4EDF-9162-9D430308B32C}.Debug|Any CPU.ActiveCfg = Debug|Any CPU
		{2A86E928-65B9-4EDF-9162-9D430308B32C}.Debug|Any CPU.Build.0 = Debug|Any CPU
		{2A86E928-65B9-4EDF-9162-9D430308B32C}.Release|Any CPU.ActiveCfg = Release|Any CPU
		{2A86E928-65B9-4EDF-9162-9D430308B32C}.Release|Any CPU.Build.0 = Release|Any CPU
		{38086A2D-D596-4E14-9950-E0D601FF7A9A}.Debug|Any CPU.ActiveCfg = Debug|Any CPU
		{38086A2D-D596-4E14-9950-E0D601FF7A9A}.Debug|Any CPU.Build.0 = Debug|Any CPU
		{38086A2D-D596-4E14-9950-E0D601FF7A9A}.Release|Any CPU.ActiveCfg = Release|Any CPU
		{38086A2D-D596-4E14-9950-E0D601FF7A9A}.Release|Any CPU.Build.0 = Release|Any CPU
		{7D7986FD-4756-49BA-AFFF-480AF5194CAA}.Debug|Any CPU.ActiveCfg = Debug|Any CPU
		{7D7986FD-4756-49BA-AFFF-480AF5194CAA}.Debug|Any CPU.Build.0 = Debug|Any CPU
		{7D7986FD-4756-49BA-AFFF-480AF5194CAA}.Release|Any CPU.ActiveCfg = Release|Any CPU
		{7D7986FD-4756-49BA-AFFF-480AF5194CAA}.Release|Any CPU.Build.0 = Release|Any CPU
		{F8CD9CD9-DB0D-42B0-8F02-D7CA2E90204D}.Debug|Any CPU.ActiveCfg = Debug|Any CPU
		{F8CD9CD9-DB0D-42B0-8F02-D7CA2E90204D}.Debug|Any CPU.Build.0 = Debug|Any CPU
		{F8CD9CD9-DB0D-42B0-8F02-D7CA2E90204D}.Release|Any CPU.ActiveCfg = Release|Any CPU
		{F8CD9CD9-DB0D-42B0-8F02-D7CA2E90204D}.Release|Any CPU.Build.0 = Release|Any CPU
		{3A0E3C51-77EC-4935-8B49-7842216CAA5A}.Debug|Any CPU.ActiveCfg = Debug|Any CPU
		{3A0E3C51-77EC-4935-8B49-7842216CAA5A}.Debug|Any CPU.Build.0 = Debug|Any CPU
		{3A0E3C51-77EC-4935-8B49-7842216CAA5A}.Release|Any CPU.ActiveCfg = Release|Any CPU
		{3A0E3C51-77EC-4935-8B49-7842216CAA5A}.Release|Any CPU.Build.0 = Release|Any CPU
		{FBE42447-B0D2-499F-8451-790DEDC7ED28}.Debug|Any CPU.ActiveCfg = Debug|Any CPU
		{FBE42447-B0D2-499F-8451-790DEDC7ED28}.Debug|Any CPU.Build.0 = Debug|Any CPU
		{FBE42447-B0D2-499F-8451-790DEDC7ED28}.Release|Any CPU.ActiveCfg = Release|Any CPU
		{FBE42447-B0D2-499F-8451-790DEDC7ED28}.Release|Any CPU.Build.0 = Release|Any CPU
		{904DDB59-01A0-41A7-8311-D449764BA9EC}.Debug|Any CPU.ActiveCfg = Debug|Any CPU
		{904DDB59-01A0-41A7-8311-D449764BA9EC}.Debug|Any CPU.Build.0 = Debug|Any CPU
		{904DDB59-01A0-41A7-8311-D449764BA9EC}.Release|Any CPU.ActiveCfg = Release|Any CPU
		{904DDB59-01A0-41A7-8311-D449764BA9EC}.Release|Any CPU.Build.0 = Release|Any CPU
	EndGlobalSection
	GlobalSection(SolutionProperties) = preSolution
		HideSolutionNode = FALSE
	EndGlobalSection
	GlobalSection(NestedProjects) = preSolution
		{B1B28601-6B92-4539-86A2-0CA5BB26CDD1} = {520BBC60-891F-49D7-B4E1-E462498DF89C}
		{2C817CDE-A7B2-416E-B3A7-B41E3AB0AA08} = {520BBC60-891F-49D7-B4E1-E462498DF89C}
		{734FDD67-D74C-4BD8-8478-010B55B33607} = {520BBC60-891F-49D7-B4E1-E462498DF89C}
		{761D5220-BA4F-4666-9BF1-3939BB3AA751} = {520BBC60-891F-49D7-B4E1-E462498DF89C}
		{99EBFFBA-3F14-47B4-A019-BD6427D17839} = {520BBC60-891F-49D7-B4E1-E462498DF89C}
		{7661E7FE-C3E1-44B1-AC98-B1602E914DD0} = {BDD01652-BE02-4D26-95C0-5C691C310940}
		{1C481803-758F-4C7B-BDA3-80BC9E280CF1} = {BDD01652-BE02-4D26-95C0-5C691C310940}
		{000DF2BA-FE1A-4712-8379-408E93601270} = {520BBC60-891F-49D7-B4E1-E462498DF89C}
		{BDD01652-BE02-4D26-95C0-5C691C310940} = {520BBC60-891F-49D7-B4E1-E462498DF89C}
		{7C7A840F-F822-48F1-BBDE-09F538DF17FF} = {520BBC60-891F-49D7-B4E1-E462498DF89C}
		{EFFCA7DB-259E-434F-A3A6-4186CEF2AE75} = {7C7A840F-F822-48F1-BBDE-09F538DF17FF}
		{D9C7624C-469C-4FAA-8D59-931C8FD43D59} = {7C7A840F-F822-48F1-BBDE-09F538DF17FF}
		{D4D9EEBF-58FB-46B1-BEA4-167E1213D9EF} = {520BBC60-891F-49D7-B4E1-E462498DF89C}
		{A6C76C57-529E-4391-BA99-AA26B3430736} = {520BBC60-891F-49D7-B4E1-E462498DF89C}
		{8CD7DAFE-52F6-4474-9A23-EBEE48C54709} = {DBD8038A-E877-4211-B1D8-3C9D32C04EF9}
		{2A86E928-65B9-4EDF-9162-9D430308B32C} = {DBD8038A-E877-4211-B1D8-3C9D32C04EF9}
		{DBD8038A-E877-4211-B1D8-3C9D32C04EF9} = {520BBC60-891F-49D7-B4E1-E462498DF89C}
		{D898E2D5-07D2-4196-853B-65D58A33BC55} = {520BBC60-891F-49D7-B4E1-E462498DF89C}
		{7D7986FD-4756-49BA-AFFF-480AF5194CAA} = {D898E2D5-07D2-4196-853B-65D58A33BC55}
		{F8CD9CD9-DB0D-42B0-8F02-D7CA2E90204D} = {D898E2D5-07D2-4196-853B-65D58A33BC55}
		{36B514C9-DEA5-443E-95F0-BB8C2DFF6BCA} = {520BBC60-891F-49D7-B4E1-E462498DF89C}
		{3A0E3C51-77EC-4935-8B49-7842216CAA5A} = {36B514C9-DEA5-443E-95F0-BB8C2DFF6BCA}
		{FBE42447-B0D2-499F-8451-790DEDC7ED28} = {36B514C9-DEA5-443E-95F0-BB8C2DFF6BCA}
		{904DDB59-01A0-41A7-8311-D449764BA9EC} = {520BBC60-891F-49D7-B4E1-E462498DF89C}
	EndGlobalSection
	GlobalSection(ExtensibilityGlobals) = postSolution
		SolutionGuid = {4725AE6A-FFA2-4352-9DAB-5689B0B2C52F}
	EndGlobalSection
EndGlobal
